
Microsoft Visual Studio Solution File, Format Version 12.00
Project("{FAE04EC0-301F-11D3-BF4B-00C04F79EFBC}") = "DiscordChat", "DiscordChat\DiscordChat.csproj", "{7C607A59-9508-4783-AB1B-3E421C1E455D}"
EndProject
Global
	GlobalSection(SolutionConfigurationPlatforms) = preSolution
		Debug|Any CPU = Debug|Any CPU
		Release|Any CPU = Release|Any CPU
	EndGlobalSection
	GlobalSection(ProjectConfigurationPlatforms) = postSolution
		{7C607A59-9508-4783-AB1B-3E421C1E455D}.Debug|Any CPU.ActiveCfg = Debug|Any CPU
		{7C607A59-9508-4783-AB1B-3E421C1E455D}.Debug|Any CPU.Build.0 = Debug|Any CPU
		{7C607A59-9508-4783-AB1B-3E421C1E455D}.Release|Any CPU.ActiveCfg = Release|Any CPU
		{7C607A59-9508-4783-AB1B-3E421C1E455D}.Release|Any CPU.Build.0 = Release|Any CPU
	EndGlobalSection
EndGlobal
